
Microsoft Visual Studio Solution File, Format Version 12.00
# Visual Studio Version 17
VisualStudioVersion = 17.2.32630.192
MinimumVisualStudioVersion = 10.0.40219.1
Project("{9A19103F-16F7-4668-BE54-9A1E7A4F7556}") = "VRCJoinNotificationTools", "VRCJoinNotificationTools.csproj", "{E5AAE43F-0392-4765-AE56-1B4C59545ACE}"
EndProject
Global
	GlobalSection(SolutionConfigurationPlatforms) = preSolution
		Debug|Any CPU = Debug|Any CPU
		Debug|x64 = Debug|x64
		Release|Any CPU = Release|Any CPU
		Release|x64 = Release|x64
	EndGlobalSection
	GlobalSection(ProjectConfigurationPlatforms) = postSolution
		{E5AAE43F-0392-4765-AE56-1B4C59545ACE}.Debug|Any CPU.ActiveCfg = Release|Any CPU
		{E5AAE43F-0392-4765-AE56-1B4C59545ACE}.Debug|Any CPU.Build.0 = Release|Any CPU
		{E5AAE43F-0392-4765-AE56-1B4C59545ACE}.Debug|x64.ActiveCfg = Debug|x64
		{E5AAE43F-0392-4765-AE56-1B4C59545ACE}.Debug|x64.Build.0 = Debug|x64
		{E5AAE43F-0392-4765-AE56-1B4C59545ACE}.Release|Any CPU.ActiveCfg = Release|Any CPU
		{E5AAE43F-0392-4765-AE56-1B4C59545ACE}.Release|Any CPU.Build.0 = Release|Any CPU
		{E5AAE43F-0392-4765-AE56-1B4C59545ACE}.Release|x64.ActiveCfg = Release|x64
		{E5AAE43F-0392-4765-AE56-1B4C59545ACE}.Release|x64.Build.0 = Release|x64
	EndGlobalSection
	GlobalSection(SolutionProperties) = preSolution
		HideSolutionNode = FALSE
	EndGlobalSection
	GlobalSection(ExtensibilityGlobals) = postSolution
		SolutionGuid = {46853D2F-EEB7-4F0B-BF44-F054E7DF21FE}
	EndGlobalSection
EndGlobal
